// !$*UTF8*$!
{
	archiveVersion = 1;
	classes = {
	};
	objectVersion = 50;
	objects = {

/* Begin PBXBuildFile section */
		C7A20E952508EC0A00E32F47 /* RootViewController.swift in Sources */ = {isa = PBXBuildFile; fileRef = C7A20E942508EC0A00E32F47 /* RootViewController.swift */; };
		C7F3D2D12508EAB0000E1497 /* AppDelegate.swift in Sources */ = {isa = PBXBuildFile; fileRef = C7F3D2D02508EAB0000E1497 /* AppDelegate.swift */; };
		C7F3D2D32508EAB0000E1497 /* SceneDelegate.swift in Sources */ = {isa = PBXBuildFile; fileRef = C7F3D2D22508EAB0000E1497 /* SceneDelegate.swift */; };
		C7F3D2D52508EAB0000E1497 /* ViewController.swift in Sources */ = {isa = PBXBuildFile; fileRef = C7F3D2D42508EAB0000E1497 /* ViewController.swift */; };
		C7F3D2D82508EAB0000E1497 /* Main.storyboard in Resources */ = {isa = PBXBuildFile; fileRef = C7F3D2D62508EAB0000E1497 /* Main.storyboard */; };
		C7F3D2DA2508EAB1000E1497 /* Assets.xcassets in Resources */ = {isa = PBXBuildFile; fileRef = C7F3D2D92508EAB1000E1497 /* Assets.xcassets */; };
		C7F3D2DD2508EAB1000E1497 /* LaunchScreen.storyboard in Resources */ = {isa = PBXBuildFile; fileRef = C7F3D2DB2508EAB1000E1497 /* LaunchScreen.storyboard */; };
		C7F3D2E82508EAB1000E1497 /* EffortsTests.swift in Sources */ = {isa = PBXBuildFile; fileRef = C7F3D2E72508EAB1000E1497 /* EffortsTests.swift */; };
		C7F3D2F32508EAB1000E1497 /* EffortsUITests.swift in Sources */ = {isa = PBXBuildFile; fileRef = C7F3D2F22508EAB1000E1497 /* EffortsUITests.swift */; };
/* End PBXBuildFile section */

/* Begin PBXContainerItemProxy section */
		C7F3D2E42508EAB1000E1497 /* PBXContainerItemProxy */ = {
			isa = PBXContainerItemProxy;
			containerPortal = C7F3D2C52508EAB0000E1497 /* Project object */;
			proxyType = 1;
			remoteGlobalIDString = C7F3D2CC2508EAB0000E1497;
			remoteInfo = Efforts;
		};
		C7F3D2EF2508EAB1000E1497 /* PBXContainerItemProxy */ = {
			isa = PBXContainerItemProxy;
			containerPortal = C7F3D2C52508EAB0000E1497 /* Project object */;
			proxyType = 1;
			remoteGlobalIDString = C7F3D2CC2508EAB0000E1497;
			remoteInfo = Efforts;
		};
/* End PBXContainerItemProxy section */

/* Begin PBXFileReference section */
		C7A20E942508EC0A00E32F47 /* RootViewController.swift */ = {isa = PBXFileReference; lastKnownFileType = sourcecode.swift; path = RootViewController.swift; sourceTree = "<group>"; };
		C7F3D2CD2508EAB0000E1497 /* Efforts.app */ = {isa = PBXFileReference; explicitFileType = wrapper.application; includeInIndex = 0; path = Efforts.app; sourceTree = BUILT_PRODUCTS_DIR; };
		C7F3D2D02508EAB0000E1497 /* AppDelegate.swift */ = {isa = PBXFileReference; lastKnownFileType = sourcecode.swift; path = AppDelegate.swift; sourceTree = "<group>"; };
		C7F3D2D22508EAB0000E1497 /* SceneDelegate.swift */ = {isa = PBXFileReference; lastKnownFileType = sourcecode.swift; path = SceneDelegate.swift; sourceTree = "<group>"; };
		C7F3D2D42508EAB0000E1497 /* ViewController.swift */ = {isa = PBXFileReference; lastKnownFileType = sourcecode.swift; path = ViewController.swift; sourceTree = "<group>"; };
		C7F3D2D72508EAB0000E1497 /* Base */ = {isa = PBXFileReference; lastKnownFileType = file.storyboard; name = Base; path = Base.lproj/Main.storyboard; sourceTree = "<group>"; };
		C7F3D2D92508EAB1000E1497 /* Assets.xcassets */ = {isa = PBXFileReference; lastKnownFileType = folder.assetcatalog; path = Assets.xcassets; sourceTree = "<group>"; };
		C7F3D2DC2508EAB1000E1497 /* Base */ = {isa = PBXFileReference; lastKnownFileType = file.storyboard; name = Base; path = Base.lproj/LaunchScreen.storyboard; sourceTree = "<group>"; };
		C7F3D2DE2508EAB1000E1497 /* Info.plist */ = {isa = PBXFileReference; lastKnownFileType = text.plist.xml; path = Info.plist; sourceTree = "<group>"; };
		C7F3D2E32508EAB1000E1497 /* EffortsTests.xctest */ = {isa = PBXFileReference; explicitFileType = wrapper.cfbundle; includeInIndex = 0; path = EffortsTests.xctest; sourceTree = BUILT_PRODUCTS_DIR; };
		C7F3D2E72508EAB1000E1497 /* EffortsTests.swift */ = {isa = PBXFileReference; lastKnownFileType = sourcecode.swift; path = EffortsTests.swift; sourceTree = "<group>"; };
		C7F3D2E92508EAB1000E1497 /* Info.plist */ = {isa = PBXFileReference; lastKnownFileType = text.plist.xml; path = Info.plist; sourceTree = "<group>"; };
		C7F3D2EE2508EAB1000E1497 /* EffortsUITests.xctest */ = {isa = PBXFileReference; explicitFileType = wrapper.cfbundle; includeInIndex = 0; path = EffortsUITests.xctest; sourceTree = BUILT_PRODUCTS_DIR; };
		C7F3D2F22508EAB1000E1497 /* EffortsUITests.swift */ = {isa = PBXFileReference; lastKnownFileType = sourcecode.swift; path = EffortsUITests.swift; sourceTree = "<group>"; };
		C7F3D2F42508EAB1000E1497 /* Info.plist */ = {isa = PBXFileReference; lastKnownFileType = text.plist.xml; path = Info.plist; sourceTree = "<group>"; };
/* End PBXFileReference section */

/* Begin PBXFrameworksBuildPhase section */
		C7F3D2CA2508EAB0000E1497 /* Frameworks */ = {
			isa = PBXFrameworksBuildPhase;
			buildActionMask = 2147483647;
			files = (
			);
			runOnlyForDeploymentPostprocessing = 0;
		};
		C7F3D2E02508EAB1000E1497 /* Frameworks */ = {
			isa = PBXFrameworksBuildPhase;
			buildActionMask = 2147483647;
			files = (
			);
			runOnlyForDeploymentPostprocessing = 0;
		};
		C7F3D2EB2508EAB1000E1497 /* Frameworks */ = {
			isa = PBXFrameworksBuildPhase;
			buildActionMask = 2147483647;
			files = (
			);
			runOnlyForDeploymentPostprocessing = 0;
		};
/* End PBXFrameworksBuildPhase section */

/* Begin PBXGroup section */
		C7A20E8E2508EBD100E32F47 /* Class */ = {
			isa = PBXGroup;
			children = (
				C7A20E942508EC0A00E32F47 /* RootViewController.swift */,
			);
			path = Class;
			sourceTree = "<group>";
		};
		C7A20E8F2508EBD700E32F47 /* Utils */ = {
			isa = PBXGroup;
			children = (
			);
			path = Utils;
			sourceTree = "<group>";
		};
		C7F3D2C42508EAB0000E1497 = {
			isa = PBXGroup;
			children = (
				C7F3D2CF2508EAB0000E1497 /* Efforts */,
				C7F3D2E62508EAB1000E1497 /* EffortsTests */,
				C7F3D2F12508EAB1000E1497 /* EffortsUITests */,
				C7F3D2CE2508EAB0000E1497 /* Products */,
			);
			sourceTree = "<group>";
		};
		C7F3D2CE2508EAB0000E1497 /* Products */ = {
			isa = PBXGroup;
			children = (
				C7F3D2CD2508EAB0000E1497 /* Efforts.app */,
				C7F3D2E32508EAB1000E1497 /* EffortsTests.xctest */,
				C7F3D2EE2508EAB1000E1497 /* EffortsUITests.xctest */,
			);
			name = Products;
			sourceTree = "<group>";
		};
		C7F3D2CF2508EAB0000E1497 /* Efforts */ = {
			isa = PBXGroup;
			children = (
				C7A20E8F2508EBD700E32F47 /* Utils */,
				C7A20E8E2508EBD100E32F47 /* Class */,
				C7F3D2D02508EAB0000E1497 /* AppDelegate.swift */,
				C7F3D2D22508EAB0000E1497 /* SceneDelegate.swift */,
				C7F3D2D42508EAB0000E1497 /* ViewController.swift */,
				C7F3D2D62508EAB0000E1497 /* Main.storyboard */,
				C7F3D2D92508EAB1000E1497 /* Assets.xcassets */,
				C7F3D2DB2508EAB1000E1497 /* LaunchScreen.storyboard */,
				C7F3D2DE2508EAB1000E1497 /* Info.plist */,
			);
			path = Efforts;
			sourceTree = "<group>";
		};
		C7F3D2E62508EAB1000E1497 /* EffortsTests */ = {
			isa = PBXGroup;
			children = (
				C7F3D2E72508EAB1000E1497 /* EffortsTests.swift */,
				C7F3D2E92508EAB1000E1497 /* Info.plist */,
			);
			path = EffortsTests;
			sourceTree = "<group>";
		};
		C7F3D2F12508EAB1000E1497 /* EffortsUITests */ = {
			isa = PBXGroup;
			children = (
				C7F3D2F22508EAB1000E1497 /* EffortsUITests.swift */,
				C7F3D2F42508EAB1000E1497 /* Info.plist */,
			);
			path = EffortsUITests;
			sourceTree = "<group>";
		};
/* End PBXGroup section */

/* Begin PBXNativeTarget section */
		C7F3D2CC2508EAB0000E1497 /* Efforts */ = {
			isa = PBXNativeTarget;
			buildConfigurationList = C7F3D2F72508EAB1000E1497 /* Build configuration list for PBXNativeTarget "Efforts" */;
			buildPhases = (
				C7F3D2C92508EAB0000E1497 /* Sources */,
				C7F3D2CA2508EAB0000E1497 /* Frameworks */,
				C7F3D2CB2508EAB0000E1497 /* Resources */,
			);
			buildRules = (
			);
			dependencies = (
			);
			name = Efforts;
			productName = Efforts;
			productReference = C7F3D2CD2508EAB0000E1497 /* Efforts.app */;
			productType = "com.apple.product-type.application";
		};
		C7F3D2E22508EAB1000E1497 /* EffortsTests */ = {
			isa = PBXNativeTarget;
			buildConfigurationList = C7F3D2FA2508EAB1000E1497 /* Build configuration list for PBXNativeTarget "EffortsTests" */;
			buildPhases = (
				C7F3D2DF2508EAB1000E1497 /* Sources */,
				C7F3D2E02508EAB1000E1497 /* Frameworks */,
				C7F3D2E12508EAB1000E1497 /* Resources */,
			);
			buildRules = (
			);
			dependencies = (
				C7F3D2E52508EAB1000E1497 /* PBXTargetDependency */,
			);
			name = EffortsTests;
			productName = EffortsTests;
			productReference = C7F3D2E32508EAB1000E1497 /* EffortsTests.xctest */;
			productType = "com.apple.product-type.bundle.unit-test";
		};
		C7F3D2ED2508EAB1000E1497 /* EffortsUITests */ = {
			isa = PBXNativeTarget;
			buildConfigurationList = C7F3D2FD2508EAB1000E1497 /* Build configuration list for PBXNativeTarget "EffortsUITests" */;
			buildPhases = (
				C7F3D2EA2508EAB1000E1497 /* Sources */,
				C7F3D2EB2508EAB1000E1497 /* Frameworks */,
				C7F3D2EC2508EAB1000E1497 /* Resources */,
			);
			buildRules = (
			);
			dependencies = (
				C7F3D2F02508EAB1000E1497 /* PBXTargetDependency */,
			);
			name = EffortsUITests;
			productName = EffortsUITests;
			productReference = C7F3D2EE2508EAB1000E1497 /* EffortsUITests.xctest */;
			productType = "com.apple.product-type.bundle.ui-testing";
		};
/* End PBXNativeTarget section */

/* Begin PBXProject section */
		C7F3D2C52508EAB0000E1497 /* Project object */ = {
			isa = PBXProject;
			attributes = {
				LastSwiftUpdateCheck = 1170;
				LastUpgradeCheck = 1170;
				ORGANIZATIONNAME = tramp;
				TargetAttributes = {
					C7F3D2CC2508EAB0000E1497 = {
						CreatedOnToolsVersion = 11.7;
					};
					C7F3D2E22508EAB1000E1497 = {
						CreatedOnToolsVersion = 11.7;
						TestTargetID = C7F3D2CC2508EAB0000E1497;
					};
					C7F3D2ED2508EAB1000E1497 = {
						CreatedOnToolsVersion = 11.7;
						TestTargetID = C7F3D2CC2508EAB0000E1497;
					};
				};
			};
			buildConfigurationList = C7F3D2C82508EAB0000E1497 /* Build configuration list for PBXProject "Efforts" */;
			compatibilityVersion = "Xcode 9.3";
			developmentRegion = en;
			hasScannedForEncodings = 0;
			knownRegions = (
				en,
				Base,
			);
			mainGroup = C7F3D2C42508EAB0000E1497;
			productRefGroup = C7F3D2CE2508EAB0000E1497 /* Products */;
			projectDirPath = "";
			projectRoot = "";
			targets = (
				C7F3D2CC2508EAB0000E1497 /* Efforts */,
				C7F3D2E22508EAB1000E1497 /* EffortsTests */,
				C7F3D2ED2508EAB1000E1497 /* EffortsUITests */,
			);
		};
/* End PBXProject section */

/* Begin PBXResourcesBuildPhase section */
		C7F3D2CB2508EAB0000E1497 /* Resources */ = {
			isa = PBXResourcesBuildPhase;
			buildActionMask = 2147483647;
			files = (
				C7F3D2DD2508EAB1000E1497 /* LaunchScreen.storyboard in Resources */,
				C7F3D2DA2508EAB1000E1497 /* Assets.xcassets in Resources */,
				C7F3D2D82508EAB0000E1497 /* Main.storyboard in Resources */,
			);
			runOnlyForDeploymentPostprocessing = 0;
		};
		C7F3D2E12508EAB1000E1497 /* Resources */ = {
			isa = PBXResourcesBuildPhase;
			buildActionMask = 2147483647;
			files = (
			);
			runOnlyForDeploymentPostprocessing = 0;
		};
		C7F3D2EC2508EAB1000E1497 /* Resources */ = {
			isa = PBXResourcesBuildPhase;
			buildActionMask = 2147483647;
			files = (
			);
			runOnlyForDeploymentPostprocessing = 0;
		};
/* End PBXResourcesBuildPhase section */

/* Begin PBXSourcesBuildPhase section */
		C7F3D2C92508EAB0000E1497 /* Sources */ = {
			isa = PBXSourcesBuildPhase;
			buildActionMask = 2147483647;
			files = (
				C7F3D2D52508EAB0000E1497 /* ViewController.swift in Sources */,
				C7F3D2D12508EAB0000E1497 /* AppDelegate.swift in Sources */,
				C7A20E952508EC0A00E32F47 /* RootViewController.swift in Sources */,
				C7F3D2D32508EAB0000E1497 /* SceneDelegate.swift in Sources */,
			);
			runOnlyForDeploymentPostprocessing = 0;
		};
		C7F3D2DF2508EAB1000E1497 /* Sources */ = {
			isa = PBXSourcesBuildPhase;
			buildActionMask = 2147483647;
			files = (
				C7F3D2E82508EAB1000E1497 /* EffortsTests.swift in Sources */,
			);
			runOnlyForDeploymentPostprocessing = 0;
		};
		C7F3D2EA2508EAB1000E1497 /* Sources */ = {
			isa = PBXSourcesBuildPhase;
			buildActionMask = 2147483647;
			files = (
				C7F3D2F32508EAB1000E1497 /* EffortsUITests.swift in Sources */,
			);
			runOnlyForDeploymentPostprocessing = 0;
		};
/* End PBXSourcesBuildPhase section */

/* Begin PBXTargetDependency section */
		C7F3D2E52508EAB1000E1497 /* PBXTargetDependency */ = {
			isa = PBXTargetDependency;
			target = C7F3D2CC2508EAB0000E1497 /* Efforts */;
			targetProxy = C7F3D2E42508EAB1000E1497 /* PBXContainerItemProxy */;
		};
		C7F3D2F02508EAB1000E1497 /* PBXTargetDependency */ = {
			isa = PBXTargetDependency;
			target = C7F3D2CC2508EAB0000E1497 /* Efforts */;
			targetProxy = C7F3D2EF2508EAB1000E1497 /* PBXContainerItemProxy */;
		};
/* End PBXTargetDependency section */

/* Begin PBXVariantGroup section */
		C7F3D2D62508EAB0000E1497 /* Main.storyboard */ = {
			isa = PBXVariantGroup;
			children = (
				C7F3D2D72508EAB0000E1497 /* Base */,
			);
			name = Main.storyboard;
			sourceTree = "<group>";
		};
		C7F3D2DB2508EAB1000E1497 /* LaunchScreen.storyboard */ = {
			isa = PBXVariantGroup;
			children = (
				C7F3D2DC2508EAB1000E1497 /* Base */,
			);
			name = LaunchScreen.storyboard;
			sourceTree = "<group>";
		};
/* End PBXVariantGroup section */

/* Begin XCBuildConfiguration section */
		C7F3D2F52508EAB1000E1497 /* Debug */ = {
			isa = XCBuildConfiguration;
			buildSettings = {
				ALWAYS_SEARCH_USER_PATHS = NO;
				CLANG_ANALYZER_NONNULL = YES;
				CLANG_ANALYZER_NUMBER_OBJECT_CONVERSION = YES_AGGRESSIVE;
				CLANG_CXX_LANGUAGE_STANDARD = "gnu++14";
				CLANG_CXX_LIBRARY = "libc++";
				CLANG_ENABLE_MODULES = YES;
				CLANG_ENABLE_OBJC_ARC = YES;
				CLANG_ENABLE_OBJC_WEAK = YES;
				CLANG_WARN_BLOCK_CAPTURE_AUTORELEASING = YES;
				CLANG_WARN_BOOL_CONVERSION = YES;
				CLANG_WARN_COMMA = YES;
				CLANG_WARN_CONSTANT_CONVERSION = YES;
				CLANG_WARN_DEPRECATED_OBJC_IMPLEMENTATIONS = YES;
				CLANG_WARN_DIRECT_OBJC_ISA_USAGE = YES_ERROR;
				CLANG_WARN_DOCUMENTATION_COMMENTS = YES;
				CLANG_WARN_EMPTY_BODY = YES;
				CLANG_WARN_ENUM_CONVERSION = YES;
				CLANG_WARN_INFINITE_RECURSION = YES;
				CLANG_WARN_INT_CONVERSION = YES;
				CLANG_WARN_NON_LITERAL_NULL_CONVERSION = YES;
				CLANG_WARN_OBJC_IMPLICIT_RETAIN_SELF = YES;
				CLANG_WARN_OBJC_LITERAL_CONVERSION = YES;
				CLANG_WARN_OBJC_ROOT_CLASS = YES_ERROR;
				CLANG_WARN_RANGE_LOOP_ANALYSIS = YES;
				CLANG_WARN_STRICT_PROTOTYPES = YES;
				CLANG_WARN_SUSPICIOUS_MOVE = YES;
				CLANG_WARN_UNGUARDED_AVAILABILITY = YES_AGGRESSIVE;
				CLANG_WARN_UNREACHABLE_CODE = YES;
				CLANG_WARN__DUPLICATE_METHOD_MATCH = YES;
				COPY_PHASE_STRIP = NO;
				DEBUG_INFORMATION_FORMAT = dwarf;
				ENABLE_STRICT_OBJC_MSGSEND = YES;
				ENABLE_TESTABILITY = YES;
				GCC_C_LANGUAGE_STANDARD = gnu11;
				GCC_DYNAMIC_NO_PIC = NO;
				GCC_NO_COMMON_BLOCKS = YES;
				GCC_OPTIMIZATION_LEVEL = 0;
				GCC_PREPROCESSOR_DEFINITIONS = (
					"DEBUG=1",
					"$(inherited)",
				);
				GCC_WARN_64_TO_32_BIT_CONVERSION = YES;
				GCC_WARN_ABOUT_RETURN_TYPE = YES_ERROR;
				GCC_WARN_UNDECLARED_SELECTOR = YES;
				GCC_WARN_UNINITIALIZED_AUTOS = YES_AGGRESSIVE;
				GCC_WARN_UNUSED_FUNCTION = YES;
				GCC_WARN_UNUSED_VARIABLE = YES;
				IPHONEOS_DEPLOYMENT_TARGET = 13.7;
				MTL_ENABLE_DEBUG_INFO = INCLUDE_SOURCE;
				MTL_FAST_MATH = YES;
				ONLY_ACTIVE_ARCH = YES;
				SDKROOT = iphoneos;
				SWIFT_ACTIVE_COMPILATION_CONDITIONS = DEBUG;
				SWIFT_OPTIMIZATION_LEVEL = "-Onone";
			};
			name = Debug;
		};
		C7F3D2F62508EAB1000E1497 /* Release */ = {
			isa = XCBuildConfiguration;
			buildSettings = {
				ALWAYS_SEARCH_USER_PATHS = NO;
				CLANG_ANALYZER_NONNULL = YES;
				CLANG_ANALYZER_NUMBER_OBJECT_CONVERSION = YES_AGGRESSIVE;
				CLANG_CXX_LANGUAGE_STANDARD = "gnu++14";
				CLANG_CXX_LIBRARY = "libc++";
				CLANG_ENABLE_MODULES = YES;
				CLANG_ENABLE_OBJC_ARC = YES;
				CLANG_ENABLE_OBJC_WEAK = YES;
				CLANG_WARN_BLOCK_CAPTURE_AUTORELEASING = YES;
				CLANG_WARN_BOOL_CONVERSION = YES;
				CLANG_WARN_COMMA = YES;
				CLANG_WARN_CONSTANT_CONVERSION = YES;
				CLANG_WARN_DEPRECATED_OBJC_IMPLEMENTATIONS = YES;
				CLANG_WARN_DIRECT_OBJC_ISA_USAGE = YES_ERROR;
				CLANG_WARN_DOCUMENTATION_COMMENTS = YES;
				CLANG_WARN_EMPTY_BODY = YES;
				CLANG_WARN_ENUM_CONVERSION = YES;
				CLANG_WARN_INFINITE_RECURSION = YES;
				CLANG_WARN_INT_CONVERSION = YES;
				CLANG_WARN_NON_LITERAL_NULL_CONVERSION = YES;
				CLANG_WARN_OBJC_IMPLICIT_RETAIN_SELF = YES;
				CLANG_WARN_OBJC_LITERAL_CONVERSION = YES;
				CLANG_WARN_OBJC_ROOT_CLASS = YES_ERROR;
				CLANG_WARN_RANGE_LOOP_ANALYSIS = YES;
				CLANG_WARN_STRICT_PROTOTYPES = YES;
				CLANG_WARN_SUSPICIOUS_MOVE = YES;
				CLANG_WARN_UNGUARDED_AVAILABILITY = YES_AGGRESSIVE;
				CLANG_WARN_UNREACHABLE_CODE = YES;
				CLANG_WARN__DUPLICATE_METHOD_MATCH = YES;
				COPY_PHASE_STRIP = NO;
				DEBUG_INFORMATION_FORMAT = "dwarf-with-dsym";
				ENABLE_NS_ASSERTIONS = NO;
				ENABLE_STRICT_OBJC_MSGSEND = YES;
				GCC_C_LANGUAGE_STANDARD = gnu11;
				GCC_NO_COMMON_BLOCKS = YES;
				GCC_WARN_64_TO_32_BIT_CONVERSION = YES;
				GCC_WARN_ABOUT_RETURN_TYPE = YES_ERROR;
				GCC_WARN_UNDECLARED_SELECTOR = YES;
				GCC_WARN_UNINITIALIZED_AUTOS = YES_AGGRESSIVE;
				GCC_WARN_UNUSED_FUNCTION = YES;
				GCC_WARN_UNUSED_VARIABLE = YES;
				IPHONEOS_DEPLOYMENT_TARGET = 13.7;
				MTL_ENABLE_DEBUG_INFO = NO;
				MTL_FAST_MATH = YES;
				SDKROOT = iphoneos;
				SWIFT_COMPILATION_MODE = wholemodule;
				SWIFT_OPTIMIZATION_LEVEL = "-O";
				VALIDATE_PRODUCT = YES;
			};
			name = Release;
		};
		C7F3D2F82508EAB1000E1497 /* Debug */ = {
			isa = XCBuildConfiguration;
			buildSettings = {
				ASSETCATALOG_COMPILER_APPICON_NAME = AppIcon;
				CODE_SIGN_STYLE = Automatic;
				DEVELOPMENT_TEAM = S8J5HAH3SU;
				INFOPLIST_FILE = Efforts/Info.plist;
				LD_RUNPATH_SEARCH_PATHS = (
					"$(inherited)",
					"@executable_path/Frameworks",
				);
				PRODUCT_BUNDLE_IDENTIFIER = cn.com.tramp.Efforts;
				PRODUCT_NAME = "$(TARGET_NAME)";
				SWIFT_VERSION = 5.0;
				TARGETED_DEVICE_FAMILY = "1,2";
			};
			name = Debug;
		};
		C7F3D2F92508EAB1000E1497 /* Release */ = {
			isa = XCBuildConfiguration;
			buildSettings = {
				ASSETCATALOG_COMPILER_APPICON_NAME = AppIcon;
				CODE_SIGN_STYLE = Automatic;
				DEVELOPMENT_TEAM = S8J5HAH3SU;
				INFOPLIST_FILE = Efforts/Info.plist;
				LD_RUNPATH_SEARCH_PATHS = (
					"$(inherited)",
					"@executable_path/Frameworks",
				);
				PRODUCT_BUNDLE_IDENTIFIER = cn.com.tramp.Efforts;
				PRODUCT_NAME = "$(TARGET_NAME)";
				SWIFT_VERSION = 5.0;
				TARGETED_DEVICE_FAMILY = "1,2";
			};
			name = Release;
		};
		C7F3D2FB2508EAB1000E1497 /* Debug */ = {
			isa = XCBuildConfiguration;
			buildSettings = {
				ALWAYS_EMBED_SWIFT_STANDARD_LIBRARIES = YES;
				BUNDLE_LOADER = "$(TEST_HOST)";
				CODE_SIGN_STYLE = Automatic;
				DEVELOPMENT_TEAM = S8J5HAH3SU;
				INFOPLIST_FILE = EffortsTests/Info.plist;
				IPHONEOS_DEPLOYMENT_TARGET = 13.7;
				LD_RUNPATH_SEARCH_PATHS = (
					"$(inherited)",
					"@executable_path/Frameworks",
					"@loader_path/Frameworks",
				);
				PRODUCT_BUNDLE_IDENTIFIER = cn.com.tramp.EffortsTests;
				PRODUCT_NAME = "$(TARGET_NAME)";
				SWIFT_VERSION = 5.0;
				TARGETED_DEVICE_FAMILY = "1,2";
				TEST_HOST = "$(BUILT_PRODUCTS_DIR)/Efforts.app/Efforts";
			};
			name = Debug;
		};
		C7F3D2FC2508EAB1000E1497 /* Release */ = {
			isa = XCBuildConfiguration;
			buildSettings = {
				ALWAYS_EMBED_SWIFT_STANDARD_LIBRARIES = YES;
				BUNDLE_LOADER = "$(TEST_HOST)";
				CODE_SIGN_STYLE = Automatic;
				DEVELOPMENT_TEAM = S8J5HAH3SU;
				INFOPLIST_FILE = EffortsTests/Info.plist;
				IPHONEOS_DEPLOYMENT_TARGET = 13.7;
				LD_RUNPATH_SEARCH_PATHS = (
					"$(inherited)",
					"@executable_path/Frameworks",
					"@loader_path/Frameworks",
				);
				PRODUCT_BUNDLE_IDENTIFIER = cn.com.tramp.EffortsTests;
				PRODUCT_NAME = "$(TARGET_NAME)";
				SWIFT_VERSION = 5.0;
				TARGETED_DEVICE_FAMILY = "1,2";
				TEST_HOST = "$(BUILT_PRODUCTS_DIR)/Efforts.app/Efforts";
			};
			name = Release;
		};
		C7F3D2FE2508EAB1000E1497 /* Debug */ = {
			isa = XCBuildConfiguration;
			buildSettings = {
				ALWAYS_EMBED_SWIFT_STANDARD_LIBRARIES = YES;
				CODE_SIGN_STYLE = Automatic;
				DEVELOPMENT_TEAM = S8J5HAH3SU;
				INFOPLIST_FILE = EffortsUITests/Info.plist;
				LD_RUNPATH_SEARCH_PATHS = (
					"$(inherited)",
					"@executable_path/Frameworks",
					"@loader_path/Frameworks",
				);
				PRODUCT_BUNDLE_IDENTIFIER = cn.com.tramp.EffortsUITests;
				PRODUCT_NAME = "$(TARGET_NAME)";
				SWIFT_VERSION = 5.0;
				TARGETED_DEVICE_FAMILY = "1,2";
				TEST_TARGET_NAME = Efforts;
			};
			name = Debug;
		};
		C7F3D2FF2508EAB1000E1497 /* Release */ = {
			isa = XCBuildConfiguration;
			buildSettings = {
				ALWAYS_EMBED_SWIFT_STANDARD_LIBRARIES = YES;
				CODE_SIGN_STYLE = Automatic;
				DEVELOPMENT_TEAM = S8J5HAH3SU;
				INFOPLIST_FILE = EffortsUITests/Info.plist;
				LD_RUNPATH_SEARCH_PATHS = (
					"$(inherited)",
					"@executable_path/Frameworks",
					"@loader_path/Frameworks",
				);
				PRODUCT_BUNDLE_IDENTIFIER = cn.com.tramp.EffortsUITests;
				PRODUCT_NAME = "$(TARGET_NAME)";
				SWIFT_VERSION = 5.0;
				TARGETED_DEVICE_FAMILY = "1,2";
				TEST_TARGET_NAME = Efforts;
			};
			name = Release;
		};
/* End XCBuildConfiguration section */

/* Begin XCConfigurationList section */
		C7F3D2C82508EAB0000E1497 /* Build configuration list for PBXProject "Efforts" */ = {
			isa = XCConfigurationList;
			buildConfigurations = (
				C7F3D2F52508EAB1000E1497 /* Debug */,
				C7F3D2F62508EAB1000E1497 /* Release */,
			);
			defaultConfigurationIsVisible = 0;
			defaultConfigurationName = Release;
		};
		C7F3D2F72508EAB1000E1497 /* Build configuration list for PBXNativeTarget "Efforts" */ = {
			isa = XCConfigurationList;
			buildConfigurations = (
				C7F3D2F82508EAB1000E1497 /* Debug */,
				C7F3D2F92508EAB1000E1497 /* Release */,
			);
			defaultConfigurationIsVisible = 0;
			defaultConfigurationName = Release;
		};
		C7F3D2FA2508EAB1000E1497 /* Build configuration list for PBXNativeTarget "EffortsTests" */ = {
			isa = XCConfigurationList;
			buildConfigurations = (
				C7F3D2FB2508EAB1000E1497 /* Debug */,
				C7F3D2FC2508EAB1000E1497 /* Release */,
			);
			defaultConfigurationIsVisible = 0;
			defaultConfigurationName = Release;
		};
		C7F3D2FD2508EAB1000E1497 /* Build configuration list for PBXNativeTarget "EffortsUITests" */ = {
			isa = XCConfigurationList;
			buildConfigurations = (
				C7F3D2FE2508EAB1000E1497 /* Debug */,
				C7F3D2FF2508EAB1000E1497 /* Release */,
			);
			defaultConfigurationIsVisible = 0;
			defaultConfigurationName = Release;
		};
/* End XCConfigurationList section */
	};
	rootObject = C7F3D2C52508EAB0000E1497 /* Project object */;
}
